
Microsoft Visual Studio Solution File, Format Version 12.00
# Visual Studio Version 16
VisualStudioVersion = 16.0.31402.337
MinimumVisualStudioVersion = 10.0.40219.1
Project("{FAE04EC0-301F-11D3-BF4B-00C04F79EFBC}") = "WebApplication2", "WebApplication2\WebApplication2.csproj", "{AFDF50E9-8F68-4F3C-BAE6-366767096E55}"
EndProject
Global
	GlobalSection(SolutionConfigurationPlatforms) = preSolution
		Debug|Any CPU = Debug|Any CPU
		Release|Any CPU = Release|Any CPU
	EndGlobalSection
	GlobalSection(ProjectConfigurationPlatforms) = postSolution
		{AFDF50E9-8F68-4F3C-BAE6-366767096E55}.Debug|Any CPU.ActiveCfg = Debug|Any CPU
		{AFDF50E9-8F68-4F3C-BAE6-366767096E55}.Debug|Any CPU.Build.0 = Debug|Any CPU
		{AFDF50E9-8F68-4F3C-BAE6-366767096E55}.Release|Any CPU.ActiveCfg = Release|Any CPU
		{AFDF50E9-8F68-4F3C-BAE6-366767096E55}.Release|Any CPU.Build.0 = Release|Any CPU
	EndGlobalSection
	GlobalSection(SolutionProperties) = preSolution
		HideSolutionNode = FALSE
	EndGlobalSection
	GlobalSection(ExtensibilityGlobals) = postSolution
		SolutionGuid = {4A8382E5-F937-472A-B9C4-AAEE276EAEAF}
	EndGlobalSection
EndGlobal
